
Microsoft Visual Studio Solution File, Format Version 12.00
# Visual Studio Version 16
VisualStudioVersion = 16.0.31702.278
MinimumVisualStudioVersion = 10.0.40219.1
Project("{9A19103F-16F7-4668-BE54-9A1E7A4F7556}") = "BlazorSample.Server", "BlazorSample\Server\BlazorSample.Server.csproj", "{D55129D2-3617-43D3-8CA7-A688FE441EF1}"
EndProject
Project("{9A19103F-16F7-4668-BE54-9A1E7A4F7556}") = "BlazorSample.Client", "BlazorSample\Client\BlazorSample.Client.csproj", "{7CF833EA-6EFF-4982-91B9-809E4CA2CECD}"
EndProject
Project("{9A19103F-16F7-4668-BE54-9A1E7A4F7556}") = "BlazorSample.Shared", "BlazorSample\Shared\BlazorSample.Shared.csproj", "{1ECD84A9-9B53-4E8F-B9A5-A192912445CD}"
EndProject
Project("{9A19103F-16F7-4668-BE54-9A1E7A4F7556}") = "BlazorSample.Infrasctructure", "BlazorSample\Infrastructure\BlazorSample.Infrasctructure.csproj", "{CA638647-EBF1-4458-B424-9CEF8FE75047}"
EndProject
Global
	GlobalSection(SolutionConfigurationPlatforms) = preSolution
		Debug|Any CPU = Debug|Any CPU
		Release|Any CPU = Release|Any CPU
	EndGlobalSection
	GlobalSection(ProjectConfigurationPlatforms) = postSolution
		{D55129D2-3617-43D3-8CA7-A688FE441EF1}.Debug|Any CPU.ActiveCfg = Debug|Any CPU
		{D55129D2-3617-43D3-8CA7-A688FE441EF1}.Debug|Any CPU.Build.0 = Debug|Any CPU
		{D55129D2-3617-43D3-8CA7-A688FE441EF1}.Release|Any CPU.ActiveCfg = Release|Any CPU
		{D55129D2-3617-43D3-8CA7-A688FE441EF1}.Release|Any CPU.Build.0 = Release|Any CPU
		{7CF833EA-6EFF-4982-91B9-809E4CA2CECD}.Debug|Any CPU.ActiveCfg = Debug|Any CPU
		{7CF833EA-6EFF-4982-91B9-809E4CA2CECD}.Debug|Any CPU.Build.0 = Debug|Any CPU
		{7CF833EA-6EFF-4982-91B9-809E4CA2CECD}.Release|Any CPU.ActiveCfg = Release|Any CPU
		{7CF833EA-6EFF-4982-91B9-809E4CA2CECD}.Release|Any CPU.Build.0 = Release|Any CPU
		{1ECD84A9-9B53-4E8F-B9A5-A192912445CD}.Debug|Any CPU.ActiveCfg = Debug|Any CPU
		{1ECD84A9-9B53-4E8F-B9A5-A192912445CD}.Debug|Any CPU.Build.0 = Debug|Any CPU
		{1ECD84A9-9B53-4E8F-B9A5-A192912445CD}.Release|Any CPU.ActiveCfg = Release|Any CPU
		{1ECD84A9-9B53-4E8F-B9A5-A192912445CD}.Release|Any CPU.Build.0 = Release|Any CPU
		{CA638647-EBF1-4458-B424-9CEF8FE75047}.Debug|Any CPU.ActiveCfg = Debug|Any CPU
		{CA638647-EBF1-4458-B424-9CEF8FE75047}.Debug|Any CPU.Build.0 = Debug|Any CPU
		{CA638647-EBF1-4458-B424-9CEF8FE75047}.Release|Any CPU.ActiveCfg = Release|Any CPU
		{CA638647-EBF1-4458-B424-9CEF8FE75047}.Release|Any CPU.Build.0 = Release|Any CPU
	EndGlobalSection
	GlobalSection(SolutionProperties) = preSolution
		HideSolutionNode = FALSE
	EndGlobalSection
	GlobalSection(ExtensibilityGlobals) = postSolution
		SolutionGuid = {D8CF53F8-C971-4A4B-B795-C40FE9A658EB}
	EndGlobalSection
EndGlobal
